
Microsoft Visual Studio Solution File, Format Version 12.00
# Visual Studio 2012
Project("{FAE04EC0-301F-11D3-BF4B-00C04F79EFBC}") = "WeatherLogger", "WeatherLogger\WeatherLogger.csproj", "{3336C7C6-7D2B-4A7B-9FFA-BDA832145312}"
EndProject
Project("{FAE04EC0-301F-11D3-BF4B-00C04F79EFBC}") = "RepoWL", "RepoWL\RepoWL.csproj", "{7D7F85C2-3FF7-4987-9DD7-AD13667BBF89}"
EndProject
Global
	GlobalSection(SolutionConfigurationPlatforms) = preSolution
		Debug|Any CPU = Debug|Any CPU
		Release|Any CPU = Release|Any CPU
	EndGlobalSection
	GlobalSection(ProjectConfigurationPlatforms) = postSolution
		{3336C7C6-7D2B-4A7B-9FFA-BDA832145312}.Debug|Any CPU.ActiveCfg = Debug|Any CPU
		{3336C7C6-7D2B-4A7B-9FFA-BDA832145312}.Debug|Any CPU.Build.0 = Debug|Any CPU
		{3336C7C6-7D2B-4A7B-9FFA-BDA832145312}.Release|Any CPU.ActiveCfg = Release|Any CPU
		{3336C7C6-7D2B-4A7B-9FFA-BDA832145312}.Release|Any CPU.Build.0 = Release|Any CPU
		{7D7F85C2-3FF7-4987-9DD7-AD13667BBF89}.Debug|Any CPU.ActiveCfg = Debug|Any CPU
		{7D7F85C2-3FF7-4987-9DD7-AD13667BBF89}.Debug|Any CPU.Build.0 = Debug|Any CPU
		{7D7F85C2-3FF7-4987-9DD7-AD13667BBF89}.Release|Any CPU.ActiveCfg = Release|Any CPU
		{7D7F85C2-3FF7-4987-9DD7-AD13667BBF89}.Release|Any CPU.Build.0 = Release|Any CPU
	EndGlobalSection
	GlobalSection(SolutionProperties) = preSolution
		HideSolutionNode = FALSE
	EndGlobalSection
EndGlobal
